
Microsoft Visual Studio Solution File, Format Version 12.00
# Visual Studio Version 17
VisualStudioVersion = 17.3.32811.315
MinimumVisualStudioVersion = 10.0.40219.1
Project("{FAE04EC0-301F-11D3-BF4B-00C04F79EFBC}") = "SkillsManagementPlan.Desktop", "SkillsManagementPlan.Desktop\SkillsManagementPlan.Desktop.csproj", "{A97BEDB8-D3CE-42E1-8AE7-545DB1D675DC}"
EndProject
Project("{FAE04EC0-301F-11D3-BF4B-00C04F79EFBC}") = "SkillsManagementPlan.DB", "SkillsManagementPlan.DB\SkillsManagementPlan.DB.csproj", "{6DF33A0F-7795-41BA-8C13-A5D5C1DE2792}"
EndProject
Project("{FAE04EC0-301F-11D3-BF4B-00C04F79EFBC}") = "SkillsManagementPlan.Modules", "SkillsManagementPlan.Modules\SkillsManagementPlan.Modules.csproj", "{293572C5-9FA0-495E-A692-F3CEDC8CD0E5}"
EndProject
Global
	GlobalSection(SolutionConfigurationPlatforms) = preSolution
		Debug|Any CPU = Debug|Any CPU
		Release|Any CPU = Release|Any CPU
	EndGlobalSection
	GlobalSection(ProjectConfigurationPlatforms) = postSolution
		{A97BEDB8-D3CE-42E1-8AE7-545DB1D675DC}.Debug|Any CPU.ActiveCfg = Debug|Any CPU
		{A97BEDB8-D3CE-42E1-8AE7-545DB1D675DC}.Debug|Any CPU.Build.0 = Debug|Any CPU
		{A97BEDB8-D3CE-42E1-8AE7-545DB1D675DC}.Release|Any CPU.ActiveCfg = Release|Any CPU
		{A97BEDB8-D3CE-42E1-8AE7-545DB1D675DC}.Release|Any CPU.Build.0 = Release|Any CPU
		{6DF33A0F-7795-41BA-8C13-A5D5C1DE2792}.Debug|Any CPU.ActiveCfg = Debug|Any CPU
		{6DF33A0F-7795-41BA-8C13-A5D5C1DE2792}.Debug|Any CPU.Build.0 = Debug|Any CPU
		{6DF33A0F-7795-41BA-8C13-A5D5C1DE2792}.Release|Any CPU.ActiveCfg = Release|Any CPU
		{6DF33A0F-7795-41BA-8C13-A5D5C1DE2792}.Release|Any CPU.Build.0 = Release|Any CPU
		{293572C5-9FA0-495E-A692-F3CEDC8CD0E5}.Debug|Any CPU.ActiveCfg = Debug|Any CPU
		{293572C5-9FA0-495E-A692-F3CEDC8CD0E5}.Debug|Any CPU.Build.0 = Debug|Any CPU
		{293572C5-9FA0-495E-A692-F3CEDC8CD0E5}.Release|Any CPU.ActiveCfg = Release|Any CPU
		{293572C5-9FA0-495E-A692-F3CEDC8CD0E5}.Release|Any CPU.Build.0 = Release|Any CPU
	EndGlobalSection
	GlobalSection(SolutionProperties) = preSolution
		HideSolutionNode = FALSE
	EndGlobalSection
	GlobalSection(ExtensibilityGlobals) = postSolution
		SolutionGuid = {7C908A0D-7CEF-4B8D-93DB-C56730868F0E}
	EndGlobalSection
EndGlobal
